
Microsoft Visual Studio Solution File, Format Version 12.00
# Visual Studio 15
VisualStudioVersion = 15.0.28307.645
MinimumVisualStudioVersion = 10.0.40219.1
Project("{FAE04EC0-301F-11D3-BF4B-00C04F79EFBC}") = "TaxiNY", "TaxiNY\TaxiNY.csproj", "{8CEC7039-D46B-418B-B968-D81BEB0E43FD}"
EndProject
Project("{9A19103F-16F7-4668-BE54-9A1E7A4F7556}") = "TaxiNYML.Model", "TaxiNYML.Model\TaxiNYML.Model.csproj", "{8B3DE9C2-7E0B-4297-B17A-B45967A892D5}"
EndProject
Project("{9A19103F-16F7-4668-BE54-9A1E7A4F7556}") = "TaxiNYML.ConsoleApp", "TaxiNYML.ConsoleApp\TaxiNYML.ConsoleApp.csproj", "{2596C859-CFFD-4E9E-A9DD-3C3E675B76C4}"
EndProject
Global
	GlobalSection(SolutionConfigurationPlatforms) = preSolution
		Debug|Any CPU = Debug|Any CPU
		Release|Any CPU = Release|Any CPU
	EndGlobalSection
	GlobalSection(ProjectConfigurationPlatforms) = postSolution
		{8CEC7039-D46B-418B-B968-D81BEB0E43FD}.Debug|Any CPU.ActiveCfg = Debug|Any CPU
		{8CEC7039-D46B-418B-B968-D81BEB0E43FD}.Debug|Any CPU.Build.0 = Debug|Any CPU
		{8CEC7039-D46B-418B-B968-D81BEB0E43FD}.Release|Any CPU.ActiveCfg = Release|Any CPU
		{8CEC7039-D46B-418B-B968-D81BEB0E43FD}.Release|Any CPU.Build.0 = Release|Any CPU
		{8B3DE9C2-7E0B-4297-B17A-B45967A892D5}.Debug|Any CPU.ActiveCfg = Debug|Any CPU
		{8B3DE9C2-7E0B-4297-B17A-B45967A892D5}.Debug|Any CPU.Build.0 = Debug|Any CPU
		{8B3DE9C2-7E0B-4297-B17A-B45967A892D5}.Release|Any CPU.ActiveCfg = Release|Any CPU
		{8B3DE9C2-7E0B-4297-B17A-B45967A892D5}.Release|Any CPU.Build.0 = Release|Any CPU
		{2596C859-CFFD-4E9E-A9DD-3C3E675B76C4}.Debug|Any CPU.ActiveCfg = Debug|Any CPU
		{2596C859-CFFD-4E9E-A9DD-3C3E675B76C4}.Debug|Any CPU.Build.0 = Debug|Any CPU
		{2596C859-CFFD-4E9E-A9DD-3C3E675B76C4}.Release|Any CPU.ActiveCfg = Release|Any CPU
		{2596C859-CFFD-4E9E-A9DD-3C3E675B76C4}.Release|Any CPU.Build.0 = Release|Any CPU
	EndGlobalSection
	GlobalSection(SolutionProperties) = preSolution
		HideSolutionNode = FALSE
	EndGlobalSection
	GlobalSection(ExtensibilityGlobals) = postSolution
		SolutionGuid = {EBA2DE7D-5866-4B9E-A545-19E3364BFDFE}
	EndGlobalSection
EndGlobal
